# THIS IS AN AUTOGENERATED FILE. DO NOT EDIT THIS FILE DIRECTLY.
# yarn lockfile v1


"@rails/ujs@^7.0.0":
  "integrity" "sha512-VU/tKKEj0+4QvhxkWBUwINCimtxYjy702ecvUpNUtDukilAsv4fmc/vTH5b/gSNuT5wVRf3h7o27W+JssTu4nQ=="
  "resolved" "https://registry.npmjs.org/@rails/ujs/-/ujs-7.0.0.tgz"
  "version" "7.0.0"

"esbuild-linux-64@0.14.7":
  "integrity" "sha512-+Lvz6x+8OkRk3K2RtZwO+0a92jy9si9cUea5Zoru4yJ/6EQm9ENX5seZE0X9DTwk1dxJbjmLsJsd3IoowyzgVg=="
  "resolved" "https://registry.npmjs.org/esbuild-linux-64/-/esbuild-linux-64-0.14.7.tgz"
  "version" "0.14.7"

"esbuild@^0.14.7":
  "integrity" "sha512-+u/msd6iu+HvfysUPkZ9VHm83LImmSNnecYPfFI01pQ7TTcsFR+V0BkybZX7mPtIaI7LCrse6YRj+v3eraJSgw=="
  "resolved" "https://registry.npmjs.org/esbuild/-/esbuild-0.14.7.tgz"
  "version" "0.14.7"
  optionalDependencies:
    "esbuild-android-arm64" "0.14.7"
    "esbuild-darwin-64" "0.14.7"
    "esbuild-darwin-arm64" "0.14.7"
    "esbuild-freebsd-64" "0.14.7"
    "esbuild-freebsd-arm64" "0.14.7"
    "esbuild-linux-32" "0.14.7"
    "esbuild-linux-64" "0.14.7"
    "esbuild-linux-arm" "0.14.7"
    "esbuild-linux-arm64" "0.14.7"
    "esbuild-linux-mips64le" "0.14.7"
    "esbuild-linux-ppc64le" "0.14.7"
    "esbuild-netbsd-64" "0.14.7"
    "esbuild-openbsd-64" "0.14.7"
    "esbuild-sunos-64" "0.14.7"
    "esbuild-windows-32" "0.14.7"
    "esbuild-windows-64" "0.14.7"
    "esbuild-windows-arm64" "0.14.7"

"morphdom@>=2.6.0 <3.0.0":
  "integrity" "sha512-Y8YRbAEP3eKykroIBWrjcfMw7mmwJfjhqdpSvoqinu8Y702nAwikpXcNFDiIkyvfCLxLM9Wu95RZqo4a9jFBaA=="
  "resolved" "https://registry.npmjs.org/morphdom/-/morphdom-2.6.1.tgz"
  "version" "2.6.1"

"mrujs@^0.7.2":
  "integrity" "sha512-k6zHbDn9xImDdVIOAbGDqfbLahh1LjeP1RhNNyuO05ZPKHrpoCTsZsV9ODGMKRtCbxG9Bj9wFE0R2QIqxz4hWA=="
  "resolved" "https://registry.npmjs.org/mrujs/-/mrujs-0.7.2.tgz"
  "version" "0.7.2"
  dependencies:
    "morphdom" ">=2.6.0 <3.0.0"
